<?xml version="1.0" encoding="utf-8"?>
<Project ToolsVersion="4.0" xmlns="http://schemas.microsoft.com/developer/msbuild/2003">
  <ItemGroup>
    <ClCompile Include="..\ext\glad\src\glad.c">
      <Filter>ext</Filter>
    </ClCompile>
    <ClCompile Include="Application.cpp">
      <Filter>Source</Filter>
    </ClCompile>
    <ClCompile Include="camera.cpp">
      <Filter>Source</Filter>
    </ClCompile>
    <ClCompile Include="main.cpp">
      <Filter>Source</Filter>
    </ClCompile>
    <ClCompile Include="GLSL.cpp">
      <Filter>Source</Filter>
    </ClCompile>
    <ClCompile Include="MatrixStack.cpp">
      <Filter>Source</Filter>
    </ClCompile>
    <ClCompile Include="new_body.cpp">
      <Filter>Source</Filter>
    </ClCompile>
    <ClCompile Include="Program.cpp">
      <Filter>Source</Filter>
    </ClCompile>
    <ClCompile Include="Shape.cpp">
      <Filter>Source</Filter>
    </ClCompile>
    <ClCompile Include="WindowManager.cpp">
      <Filter>Source</Filter>
    </ClCompile>
    <ClCompile Include="new_Application.cpp">
      <Filter>Source</Filter>
    </ClCompile>
    <ClCompile Include="new_main.cpp">
      <Filter>Source</Filter>
    </ClCompile>
    <ClCompile Include="ShaderLibrary.cpp">
      <Filter>Source</Filter>
    </ClCompile>
    <ClCompile Include="Framebuffer.cpp">
      <Filter>Source</Filter>
    </ClCompile>
    <ClCompile Include="Buffers.cpp">
      <Filter>Source</Filter>
    </ClCompile>
    <ClCompile Include="Renderbuffer.cpp">
      <Filter>Source</Filter>
    </ClCompile>
    <ClCompile Include="Texture.cpp">
      <Filter>Source</Filter>
    </ClCompile>
    <ClCompile Include="VertexArrayObject.cpp">
      <Filter>Source</Filter>
    </ClCompile>
  </ItemGroup>
  <ItemGroup>
    <ClInclude Include="helper_includes\BodyTrackingHelpers.h">
      <Filter>helpers</Filter>
    </ClInclude>
    <ClInclude Include="helper_includes\Utilities.h">
      <Filter>helpers</Filter>
    </ClInclude>
    <ClInclude Include="Application.h">
      <Filter>Headers</Filter>
    </ClInclude>
    <ClInclude Include="camera.h">
      <Filter>Headers</Filter>
    </ClInclude>
    <ClInclude Include="GLSL.h">
      <Filter>Headers</Filter>
    </ClInclude>
    <ClInclude Include="MatrixStack.h">
      <Filter>Headers</Filter>
    </ClInclude>
    <ClInclude Include="new_body.h">
      <Filter>Headers</Filter>
    </ClInclude>
    <ClInclude Include="Program.h">
      <Filter>Headers</Filter>
    </ClInclude>
    <ClInclude Include="Shape.h">
      <Filter>Headers</Filter>
    </ClInclude>
    <ClInclude Include="stb_image.h">
      <Filter>Headers</Filter>
    </ClInclude>
    <ClInclude Include="stb_image_write.h">
      <Filter>Headers</Filter>
    </ClInclude>
    <ClInclude Include="tiny_obj_loader.h">
      <Filter>Headers</Filter>
    </ClInclude>
    <ClInclude Include="WindowManager.h">
      <Filter>Headers</Filter>
    </ClInclude>
    <ClInclude Include="new_Application.h">
      <Filter>Headers</Filter>
    </ClInclude>
    <ClInclude Include="ShaderLibrary.hpp">
      <Filter>Headers</Filter>
    </ClInclude>
    <ClInclude Include="Framebuffer.h">
      <Filter>Headers</Filter>
    </ClInclude>
    <ClInclude Include="Texture.h">
      <Filter>Headers</Filter>
    </ClInclude>
    <ClInclude Include="HelperFunctions.h">
      <Filter>helpers</Filter>
    </ClInclude>
    <ClInclude Include="Renderbuffer.h">
      <Filter>Headers</Filter>
    </ClInclude>
    <ClInclude Include="VertexArrayObject.h">
      <Filter>Headers</Filter>
    </ClInclude>
    <ClInclude Include="Buffers.h">
      <Filter>Headers</Filter>
    </ClInclude>
  </ItemGroup>
  <ItemGroup>
    <Filter Include="ext">
      <UniqueIdentifier>{a1735e5b-c01d-45eb-b937-869f0ba27591}</UniqueIdentifier>
    </Filter>
    <Filter Include="shader">
      <UniqueIdentifier>{76d95e17-cc90-4f8c-ae9c-71a7cff9cfbe}</UniqueIdentifier>
    </Filter>
    <Filter Include="helpers">
      <UniqueIdentifier>{5ab6e23f-36de-4e9c-bff3-c09e0d6df686}</UniqueIdentifier>
    </Filter>
    <Filter Include="Source">
      <UniqueIdentifier>{151f9ef3-8b77-43ab-9c77-e19912c4b39c}</UniqueIdentifier>
    </Filter>
    <Filter Include="Headers">
      <UniqueIdentifier>{8c693596-7fce-4c97-a93e-830db8e08a1b}</UniqueIdentifier>
    </Filter>
  </ItemGroup>
  <ItemGroup>
    <None Include="..\resources\but_fragment.glsl">
      <Filter>shader</Filter>
    </None>
    <None Include="..\resources\but_vertex.glsl">
      <Filter>shader</Filter>
    </None>
    <None Include="..\resources\shader_fragment.glsl">
      <Filter>shader</Filter>
    </None>
    <None Include="..\resources\shader_vertex.glsl">
      <Filter>shader</Filter>
    </None>
    <None Include="..\resources\vert.glsl">
      <Filter>shader</Filter>
    </None>
    <None Include="..\resources\frag.glsl">
      <Filter>shader</Filter>
    </None>
    <None Include="..\resources\fragscreen.glsl">
      <Filter>shader</Filter>
    </None>
    <None Include="..\resources\shader_body.glsl">
      <Filter>shader</Filter>
    </None>
    <None Include="packages.config" />
    <None Include="$(MSBuildThisFileDirectory)..\..\content\**\*.*" />
    <None Include="$(MSBuildThisFileDirectory)..\..\content\**\*.*" />
    <None Include="$(MSBuildThisFileDirectory)..\..\content\**\*.*" />
    <None Include="$(MSBuildThisFileDirectory)..\..\content\**\*.*" />
    <None Include="$(MSBuildThisFileDirectory)..\..\content\**\*.*" />
    <None Include="$(MSBuildThisFileDirectory)..\..\content\**\*.*" />
    <None Include="dnn_model_2_0.onnx" />
    <None Include="..\resources\compute.glsl">
      <Filter>shader</Filter>
    </None>
    <None Include="$(MSBuildThisFileDirectory)..\..\content\**\*.*" />
    <None Include="$(MSBuildThisFileDirectory)..\..\content\**\*.*" />
    <None Include="$(MSBuildThisFileDirectory)..\..\content\**\*.*" />
    <None Include="$(MSBuildThisFileDirectory)..\..\content\**\*.*" />
    <None Include="$(MSBuildThisFileDirectory)..\..\content\**\*.*" />
    <None Include="$(MSBuildThisFileDirectory)..\..\content\**\*.*" />
    <None Include="$(MSBuildThisFileDirectory)..\..\content\**\*.*" />
    <None Include="$(MSBuildThisFileDirectory)..\..\content\**\*.*" />
    <None Include="$(MSBuildThisFileDirectory)..\..\content\**\*.*" />
  </ItemGroup>
  <ItemGroup>
    <Text Include="Text.txt" />
  </ItemGroup>
</Project>