<?xml version="1.0" encoding="utf-8"?>
<Project ToolsVersion="4.0" xmlns="http://schemas.microsoft.com/developer/msbuild/2003">
  <ItemGroup>
    <ClCompile Include="main.cpp" />
    <ClCompile Include="Program.cpp" />
    <ClCompile Include="..\ext\glad\src\glad.c">
      <Filter>ext</Filter>
    </ClCompile>
    <ClCompile Include="GLSL.cpp" />
    <ClCompile Include="WindowManager.cpp" />
    <ClCompile Include="MatrixStack.cpp" />
    <ClCompile Include="Shape.cpp" />
    <ClCompile Include="body.cpp" />
    <ClCompile Include="new_body.cpp" />
  </ItemGroup>
  <ItemGroup>
    <ClInclude Include="Program.h" />
    <ClInclude Include="GLSL.h" />
    <ClInclude Include="WindowManager.h" />
    <ClInclude Include="MatrixStack.h" />
    <ClInclude Include="Shape.h" />
    <ClInclude Include="tiny_obj_loader.h" />
    <ClInclude Include="stb_image.h" />
    <ClInclude Include="stb_image_write.h" />
    <ClInclude Include="body.h" />
    <ClInclude Include="new_body.h" />
  </ItemGroup>
  <ItemGroup>
    <Filter Include="ext">
      <UniqueIdentifier>{a1735e5b-c01d-45eb-b937-869f0ba27591}</UniqueIdentifier>
    </Filter>
    <Filter Include="shader">
      <UniqueIdentifier>{76d95e17-cc90-4f8c-ae9c-71a7cff9cfbe}</UniqueIdentifier>
    </Filter>
  </ItemGroup>
  <ItemGroup>
    <None Include="..\resources\but_fragment.glsl">
      <Filter>shader</Filter>
    </None>
    <None Include="..\resources\but_vertex.glsl">
      <Filter>shader</Filter>
    </None>
    <None Include="..\resources\shader_fragment.glsl">
      <Filter>shader</Filter>
    </None>
    <None Include="..\resources\shader_vertex.glsl">
      <Filter>shader</Filter>
    </None>
    <None Include="..\resources\vert.glsl">
      <Filter>shader</Filter>
    </None>
    <None Include="..\resources\frag.glsl">
      <Filter>shader</Filter>
    </None>
    <None Include="..\resources\fragscreen.glsl">
      <Filter>shader</Filter>
    </None>
    <None Include="..\resources\shader_body.glsl">
      <Filter>shader</Filter>
    </None>
    <None Include="packages.config" />
    <None Include="$(MSBuildThisFileDirectory)..\..\content\**\*.*" />
    <None Include="$(MSBuildThisFileDirectory)..\..\content\**\*.*" />
    <None Include="$(MSBuildThisFileDirectory)..\..\content\**\*.*" />
    <None Include="$(MSBuildThisFileDirectory)..\..\content\**\*.*" />
    <None Include="$(MSBuildThisFileDirectory)..\..\content\**\*.*" />
    <None Include="$(MSBuildThisFileDirectory)..\..\content\**\*.*" />
    <None Include="..\resources\compute.glsl">
      <Filter>shader</Filter>
    </None>
    <None Include="dnn_model_2_0.onnx" />
    <None Include="$(MSBuildThisFileDirectory)..\..\content\**\*.*" />
    <None Include="$(MSBuildThisFileDirectory)..\..\content\**\*.*" />
  </ItemGroup>
  <ItemGroup>
    <Text Include="Text.txt" />
  </ItemGroup>
</Project>